// !$*UTF8*$!
{
	archiveVersion = 1;
	classes = {
	};
	objectVersion = 55;
	objects = {

/* Begin PBXBuildFile section */
		A85F6BC1289A9C3B00C58BD3 /* AppDelegate.swift in Sources */ = {isa = PBXBuildFile; fileRef = A85F6BC0289A9C3B00C58BD3 /* AppDelegate.swift */; };
		A85F6BCA289A9C3D00C58BD3 /* Assets.xcassets in Resources */ = {isa = PBXBuildFile; fileRef = A85F6BC9289A9C3D00C58BD3 /* Assets.xcassets */; };
		A85F6BCD289A9C3D00C58BD3 /* LaunchScreen.storyboard in Resources */ = {isa = PBXBuildFile; fileRef = A85F6BCB289A9C3D00C58BD3 /* LaunchScreen.storyboard */; };
		A85F6BDD289AA29300C58BD3 /* MainViewController.swift in Sources */ = {isa = PBXBuildFile; fileRef = A85F6BDB289AA29300C58BD3 /* MainViewController.swift */; };
		A85F6BDE289AA29300C58BD3 /* MainViewController.xib in Resources */ = {isa = PBXBuildFile; fileRef = A85F6BDC289AA29300C58BD3 /* MainViewController.xib */; };
		A85F6BE1289AA2A500C58BD3 /* FavoriteViewController.swift in Sources */ = {isa = PBXBuildFile; fileRef = A85F6BDF289AA2A500C58BD3 /* FavoriteViewController.swift */; };
		A85F6BE2289AA2A500C58BD3 /* FavoriteViewController.xib in Resources */ = {isa = PBXBuildFile; fileRef = A85F6BE0289AA2A500C58BD3 /* FavoriteViewController.xib */; };
		A85F6BE5289AA2B400C58BD3 /* ProfileViewController.swift in Sources */ = {isa = PBXBuildFile; fileRef = A85F6BE3289AA2B400C58BD3 /* ProfileViewController.swift */; };
		A85F6BE6289AA2B400C58BD3 /* ProfileViewController.xib in Resources */ = {isa = PBXBuildFile; fileRef = A85F6BE4289AA2B400C58BD3 /* ProfileViewController.xib */; };
		A85F6BE8289AA2F100C58BD3 /* TabBarConfigurator.swift in Sources */ = {isa = PBXBuildFile; fileRef = A85F6BE7289AA2F100C58BD3 /* TabBarConfigurator.swift */; };
		A85F6BEA289AA2FD00C58BD3 /* TabBarModel.swift in Sources */ = {isa = PBXBuildFile; fileRef = A85F6BE9289AA2FD00C58BD3 /* TabBarModel.swift */; };
/* End PBXBuildFile section */

/* Begin PBXFileReference section */
		A85F6BBD289A9C3B00C58BD3 /* SurfSummerSchool2022.app */ = {isa = PBXFileReference; explicitFileType = wrapper.application; includeInIndex = 0; path = SurfSummerSchool2022.app; sourceTree = BUILT_PRODUCTS_DIR; };
		A85F6BC0289A9C3B00C58BD3 /* AppDelegate.swift */ = {isa = PBXFileReference; lastKnownFileType = sourcecode.swift; path = AppDelegate.swift; sourceTree = "<group>"; };
		A85F6BC9289A9C3D00C58BD3 /* Assets.xcassets */ = {isa = PBXFileReference; lastKnownFileType = folder.assetcatalog; path = Assets.xcassets; sourceTree = "<group>"; };
		A85F6BCC289A9C3D00C58BD3 /* Base */ = {isa = PBXFileReference; lastKnownFileType = file.storyboard; name = Base; path = Base.lproj/LaunchScreen.storyboard; sourceTree = "<group>"; };
		A85F6BCE289A9C3D00C58BD3 /* Info.plist */ = {isa = PBXFileReference; lastKnownFileType = text.plist.xml; path = Info.plist; sourceTree = "<group>"; };
		A85F6BDB289AA29300C58BD3 /* MainViewController.swift */ = {isa = PBXFileReference; lastKnownFileType = sourcecode.swift; path = MainViewController.swift; sourceTree = "<group>"; };
		A85F6BDC289AA29300C58BD3 /* MainViewController.xib */ = {isa = PBXFileReference; lastKnownFileType = file.xib; path = MainViewController.xib; sourceTree = "<group>"; };
		A85F6BDF289AA2A500C58BD3 /* FavoriteViewController.swift */ = {isa = PBXFileReference; lastKnownFileType = sourcecode.swift; path = FavoriteViewController.swift; sourceTree = "<group>"; };
		A85F6BE0289AA2A500C58BD3 /* FavoriteViewController.xib */ = {isa = PBXFileReference; lastKnownFileType = file.xib; path = FavoriteViewController.xib; sourceTree = "<group>"; };
		A85F6BE3289AA2B400C58BD3 /* ProfileViewController.swift */ = {isa = PBXFileReference; lastKnownFileType = sourcecode.swift; path = ProfileViewController.swift; sourceTree = "<group>"; };
		A85F6BE4289AA2B400C58BD3 /* ProfileViewController.xib */ = {isa = PBXFileReference; lastKnownFileType = file.xib; path = ProfileViewController.xib; sourceTree = "<group>"; };
		A85F6BE7289AA2F100C58BD3 /* TabBarConfigurator.swift */ = {isa = PBXFileReference; lastKnownFileType = sourcecode.swift; path = TabBarConfigurator.swift; sourceTree = "<group>"; };
		A85F6BE9289AA2FD00C58BD3 /* TabBarModel.swift */ = {isa = PBXFileReference; lastKnownFileType = sourcecode.swift; path = TabBarModel.swift; sourceTree = "<group>"; };
/* End PBXFileReference section */

/* Begin PBXFrameworksBuildPhase section */
		A85F6BBA289A9C3B00C58BD3 /* Frameworks */ = {
			isa = PBXFrameworksBuildPhase;
			buildActionMask = 2147483647;
			files = (
			);
			runOnlyForDeploymentPostprocessing = 0;
		};
/* End PBXFrameworksBuildPhase section */

/* Begin PBXGroup section */
		A85F6BB4289A9C3B00C58BD3 = {
			isa = PBXGroup;
			children = (
				A85F6BBF289A9C3B00C58BD3 /* SurfSummerSchool2022 */,
				A85F6BBE289A9C3B00C58BD3 /* Products */,
			);
			sourceTree = "<group>";
		};
		A85F6BBE289A9C3B00C58BD3 /* Products */ = {
			isa = PBXGroup;
			children = (
				A85F6BBD289A9C3B00C58BD3 /* SurfSummerSchool2022.app */,
			);
			name = Products;
			sourceTree = "<group>";
		};
		A85F6BBF289A9C3B00C58BD3 /* SurfSummerSchool2022 */ = {
			isa = PBXGroup;
			children = (
				A85F6BD6289AA22A00C58BD3 /* MainFlow */,
				A85F6BD4289A9EE600C58BD3 /* Application */,
				A85F6BD5289A9F4100C58BD3 /* Resources */,
				A85F6BCB289A9C3D00C58BD3 /* LaunchScreen.storyboard */,
			);
			path = SurfSummerSchool2022;
			sourceTree = "<group>";
		};
		A85F6BD4289A9EE600C58BD3 /* Application */ = {
			isa = PBXGroup;
			children = (
				A85F6BC0289A9C3B00C58BD3 /* AppDelegate.swift */,
				A85F6BCE289A9C3D00C58BD3 /* Info.plist */,
			);
			path = Application;
			sourceTree = "<group>";
		};
		A85F6BD5289A9F4100C58BD3 /* Resources */ = {
			isa = PBXGroup;
			children = (
				A85F6BC9289A9C3D00C58BD3 /* Assets.xcassets */,
			);
			path = Resources;
			sourceTree = "<group>";
		};
		A85F6BD6289AA22A00C58BD3 /* MainFlow */ = {
			isa = PBXGroup;
			children = (
				A85F6BD7289AA23400C58BD3 /* MainScreen */,
				A85F6BD8289AA24D00C58BD3 /* FavoriteScreen */,
				A85F6BD9289AA25A00C58BD3 /* ProfileScreen */,
				A85F6BDA289AA26900C58BD3 /* TabBar */,
			);
			path = MainFlow;
			sourceTree = "<group>";
		};
		A85F6BD7289AA23400C58BD3 /* MainScreen */ = {
			isa = PBXGroup;
			children = (
				A85F6BDB289AA29300C58BD3 /* MainViewController.swift */,
				A85F6BDC289AA29300C58BD3 /* MainViewController.xib */,
			);
			path = MainScreen;
			sourceTree = "<group>";
		};
		A85F6BD8289AA24D00C58BD3 /* FavoriteScreen */ = {
			isa = PBXGroup;
			children = (
				A85F6BDF289AA2A500C58BD3 /* FavoriteViewController.swift */,
				A85F6BE0289AA2A500C58BD3 /* FavoriteViewController.xib */,
			);
			path = FavoriteScreen;
			sourceTree = "<group>";
		};
		A85F6BD9289AA25A00C58BD3 /* ProfileScreen */ = {
			isa = PBXGroup;
			children = (
				A85F6BE3289AA2B400C58BD3 /* ProfileViewController.swift */,
				A85F6BE4289AA2B400C58BD3 /* ProfileViewController.xib */,
			);
			path = ProfileScreen;
			sourceTree = "<group>";
		};
		A85F6BDA289AA26900C58BD3 /* TabBar */ = {
			isa = PBXGroup;
			children = (
				A85F6BE7289AA2F100C58BD3 /* TabBarConfigurator.swift */,
				A85F6BE9289AA2FD00C58BD3 /* TabBarModel.swift */,
			);
			path = TabBar;
			sourceTree = "<group>";
		};
/* End PBXGroup section */

/* Begin PBXNativeTarget section */
		A85F6BBC289A9C3B00C58BD3 /* SurfSummerSchool2022 */ = {
			isa = PBXNativeTarget;
			buildConfigurationList = A85F6BD1289A9C3D00C58BD3 /* Build configuration list for PBXNativeTarget "SurfSummerSchool2022" */;
			buildPhases = (
				A85F6BB9289A9C3B00C58BD3 /* Sources */,
				A85F6BBA289A9C3B00C58BD3 /* Frameworks */,
				A85F6BBB289A9C3B00C58BD3 /* Resources */,
			);
			buildRules = (
			);
			dependencies = (
			);
			name = SurfSummerSchool2022;
			productName = SurfSummerSchool2022;
			productReference = A85F6BBD289A9C3B00C58BD3 /* SurfSummerSchool2022.app */;
			productType = "com.apple.product-type.application";
		};
/* End PBXNativeTarget section */

/* Begin PBXProject section */
		A85F6BB5289A9C3B00C58BD3 /* Project object */ = {
			isa = PBXProject;
			attributes = {
				BuildIndependentTargetsInParallel = 1;
				LastSwiftUpdateCheck = 1320;
				LastUpgradeCheck = 1320;
				TargetAttributes = {
					A85F6BBC289A9C3B00C58BD3 = {
						CreatedOnToolsVersion = 13.2.1;
					};
				};
			};
			buildConfigurationList = A85F6BB8289A9C3B00C58BD3 /* Build configuration list for PBXProject "SurfSummerSchool2022" */;
			compatibilityVersion = "Xcode 13.0";
			developmentRegion = en;
			hasScannedForEncodings = 0;
			knownRegions = (
				en,
				Base,
			);
			mainGroup = A85F6BB4289A9C3B00C58BD3;
			productRefGroup = A85F6BBE289A9C3B00C58BD3 /* Products */;
			projectDirPath = "";
			projectRoot = "";
			targets = (
				A85F6BBC289A9C3B00C58BD3 /* SurfSummerSchool2022 */,
			);
		};
/* End PBXProject section */

/* Begin PBXResourcesBuildPhase section */
		A85F6BBB289A9C3B00C58BD3 /* Resources */ = {
			isa = PBXResourcesBuildPhase;
			buildActionMask = 2147483647;
			files = (
				A85F6BCD289A9C3D00C58BD3 /* LaunchScreen.storyboard in Resources */,
				A85F6BDE289AA29300C58BD3 /* MainViewController.xib in Resources */,
				A85F6BE2289AA2A500C58BD3 /* FavoriteViewController.xib in Resources */,
				A85F6BE6289AA2B400C58BD3 /* ProfileViewController.xib in Resources */,
				A85F6BCA289A9C3D00C58BD3 /* Assets.xcassets in Resources */,
			);
			runOnlyForDeploymentPostprocessing = 0;
		};
/* End PBXResourcesBuildPhase section */

/* Begin PBXSourcesBuildPhase section */
		A85F6BB9289A9C3B00C58BD3 /* Sources */ = {
			isa = PBXSourcesBuildPhase;
			buildActionMask = 2147483647;
			files = (
				A85F6BDD289AA29300C58BD3 /* MainViewController.swift in Sources */,
				A85F6BC1289A9C3B00C58BD3 /* AppDelegate.swift in Sources */,
				A85F6BE5289AA2B400C58BD3 /* ProfileViewController.swift in Sources */,
				A85F6BE1289AA2A500C58BD3 /* FavoriteViewController.swift in Sources */,
				A85F6BE8289AA2F100C58BD3 /* TabBarConfigurator.swift in Sources */,
				A85F6BEA289AA2FD00C58BD3 /* TabBarModel.swift in Sources */,
			);
			runOnlyForDeploymentPostprocessing = 0;
		};
/* End PBXSourcesBuildPhase section */

/* Begin PBXVariantGroup section */
		A85F6BCB289A9C3D00C58BD3 /* LaunchScreen.storyboard */ = {
			isa = PBXVariantGroup;
			children = (
				A85F6BCC289A9C3D00C58BD3 /* Base */,
			);
			name = LaunchScreen.storyboard;
			sourceTree = "<group>";
		};
/* End PBXVariantGroup section */

/* Begin XCBuildConfiguration section */
		A85F6BCF289A9C3D00C58BD3 /* Debug */ = {
			isa = XCBuildConfiguration;
			buildSettings = {
				ALWAYS_SEARCH_USER_PATHS = NO;
				CLANG_ANALYZER_NONNULL = YES;
				CLANG_ANALYZER_NUMBER_OBJECT_CONVERSION = YES_AGGRESSIVE;
				CLANG_CXX_LANGUAGE_STANDARD = "gnu++17";
				CLANG_CXX_LIBRARY = "libc++";
				CLANG_ENABLE_MODULES = YES;
				CLANG_ENABLE_OBJC_ARC = YES;
				CLANG_ENABLE_OBJC_WEAK = YES;
				CLANG_WARN_BLOCK_CAPTURE_AUTORELEASING = YES;
				CLANG_WARN_BOOL_CONVERSION = YES;
				CLANG_WARN_COMMA = YES;
				CLANG_WARN_CONSTANT_CONVERSION = YES;
				CLANG_WARN_DEPRECATED_OBJC_IMPLEMENTATIONS = YES;
				CLANG_WARN_DIRECT_OBJC_ISA_USAGE = YES_ERROR;
				CLANG_WARN_DOCUMENTATION_COMMENTS = YES;
				CLANG_WARN_EMPTY_BODY = YES;
				CLANG_WARN_ENUM_CONVERSION = YES;
				CLANG_WARN_INFINITE_RECURSION = YES;
				CLANG_WARN_INT_CONVERSION = YES;
				CLANG_WARN_NON_LITERAL_NULL_CONVERSION = YES;
				CLANG_WARN_OBJC_IMPLICIT_RETAIN_SELF = YES;
				CLANG_WARN_OBJC_LITERAL_CONVERSION = YES;
				CLANG_WARN_OBJC_ROOT_CLASS = YES_ERROR;
				CLANG_WARN_QUOTED_INCLUDE_IN_FRAMEWORK_HEADER = YES;
				CLANG_WARN_RANGE_LOOP_ANALYSIS = YES;
				CLANG_WARN_STRICT_PROTOTYPES = YES;
				CLANG_WARN_SUSPICIOUS_MOVE = YES;
				CLANG_WARN_UNGUARDED_AVAILABILITY = YES_AGGRESSIVE;
				CLANG_WARN_UNREACHABLE_CODE = YES;
				CLANG_WARN__DUPLICATE_METHOD_MATCH = YES;
				COPY_PHASE_STRIP = NO;
				DEBUG_INFORMATION_FORMAT = dwarf;
				ENABLE_STRICT_OBJC_MSGSEND = YES;
				ENABLE_TESTABILITY = YES;
				GCC_C_LANGUAGE_STANDARD = gnu11;
				GCC_DYNAMIC_NO_PIC = NO;
				GCC_NO_COMMON_BLOCKS = YES;
				GCC_OPTIMIZATION_LEVEL = 0;
				GCC_PREPROCESSOR_DEFINITIONS = (
					"DEBUG=1",
					"$(inherited)",
				);
				GCC_WARN_64_TO_32_BIT_CONVERSION = YES;
				GCC_WARN_ABOUT_RETURN_TYPE = YES_ERROR;
				GCC_WARN_UNDECLARED_SELECTOR = YES;
				GCC_WARN_UNINITIALIZED_AUTOS = YES_AGGRESSIVE;
				GCC_WARN_UNUSED_FUNCTION = YES;
				GCC_WARN_UNUSED_VARIABLE = YES;
				IPHONEOS_DEPLOYMENT_TARGET = 15.2;
				MTL_ENABLE_DEBUG_INFO = INCLUDE_SOURCE;
				MTL_FAST_MATH = YES;
				ONLY_ACTIVE_ARCH = YES;
				SDKROOT = iphoneos;
				SWIFT_ACTIVE_COMPILATION_CONDITIONS = DEBUG;
				SWIFT_OPTIMIZATION_LEVEL = "-Onone";
			};
			name = Debug;
		};
		A85F6BD0289A9C3D00C58BD3 /* Release */ = {
			isa = XCBuildConfiguration;
			buildSettings = {
				ALWAYS_SEARCH_USER_PATHS = NO;
				CLANG_ANALYZER_NONNULL = YES;
				CLANG_ANALYZER_NUMBER_OBJECT_CONVERSION = YES_AGGRESSIVE;
				CLANG_CXX_LANGUAGE_STANDARD = "gnu++17";
				CLANG_CXX_LIBRARY = "libc++";
				CLANG_ENABLE_MODULES = YES;
				CLANG_ENABLE_OBJC_ARC = YES;
				CLANG_ENABLE_OBJC_WEAK = YES;
				CLANG_WARN_BLOCK_CAPTURE_AUTORELEASING = YES;
				CLANG_WARN_BOOL_CONVERSION = YES;
				CLANG_WARN_COMMA = YES;
				CLANG_WARN_CONSTANT_CONVERSION = YES;
				CLANG_WARN_DEPRECATED_OBJC_IMPLEMENTATIONS = YES;
				CLANG_WARN_DIRECT_OBJC_ISA_USAGE = YES_ERROR;
				CLANG_WARN_DOCUMENTATION_COMMENTS = YES;
				CLANG_WARN_EMPTY_BODY = YES;
				CLANG_WARN_ENUM_CONVERSION = YES;
				CLANG_WARN_INFINITE_RECURSION = YES;
				CLANG_WARN_INT_CONVERSION = YES;
				CLANG_WARN_NON_LITERAL_NULL_CONVERSION = YES;
				CLANG_WARN_OBJC_IMPLICIT_RETAIN_SELF = YES;
				CLANG_WARN_OBJC_LITERAL_CONVERSION = YES;
				CLANG_WARN_OBJC_ROOT_CLASS = YES_ERROR;
				CLANG_WARN_QUOTED_INCLUDE_IN_FRAMEWORK_HEADER = YES;
				CLANG_WARN_RANGE_LOOP_ANALYSIS = YES;
				CLANG_WARN_STRICT_PROTOTYPES = YES;
				CLANG_WARN_SUSPICIOUS_MOVE = YES;
				CLANG_WARN_UNGUARDED_AVAILABILITY = YES_AGGRESSIVE;
				CLANG_WARN_UNREACHABLE_CODE = YES;
				CLANG_WARN__DUPLICATE_METHOD_MATCH = YES;
				COPY_PHASE_STRIP = NO;
				DEBUG_INFORMATION_FORMAT = "dwarf-with-dsym";
				ENABLE_NS_ASSERTIONS = NO;
				ENABLE_STRICT_OBJC_MSGSEND = YES;
				GCC_C_LANGUAGE_STANDARD = gnu11;
				GCC_NO_COMMON_BLOCKS = YES;
				GCC_WARN_64_TO_32_BIT_CONVERSION = YES;
				GCC_WARN_ABOUT_RETURN_TYPE = YES_ERROR;
				GCC_WARN_UNDECLARED_SELECTOR = YES;
				GCC_WARN_UNINITIALIZED_AUTOS = YES_AGGRESSIVE;
				GCC_WARN_UNUSED_FUNCTION = YES;
				GCC_WARN_UNUSED_VARIABLE = YES;
				IPHONEOS_DEPLOYMENT_TARGET = 15.2;
				MTL_ENABLE_DEBUG_INFO = NO;
				MTL_FAST_MATH = YES;
				SDKROOT = iphoneos;
				SWIFT_COMPILATION_MODE = wholemodule;
				SWIFT_OPTIMIZATION_LEVEL = "-O";
				VALIDATE_PRODUCT = YES;
			};
			name = Release;
		};
		A85F6BD2289A9C3D00C58BD3 /* Debug */ = {
			isa = XCBuildConfiguration;
			buildSettings = {
				ASSETCATALOG_COMPILER_APPICON_NAME = AppIcon;
				ASSETCATALOG_COMPILER_GLOBAL_ACCENT_COLOR_NAME = AccentColor;
				CODE_SIGN_STYLE = Automatic;
				CURRENT_PROJECT_VERSION = 1;
				DEVELOPMENT_TEAM = BR2TY2CKR7;
				GENERATE_INFOPLIST_FILE = YES;
				INFOPLIST_FILE = SurfSummerSchool2022/Application/Info.plist;
				INFOPLIST_KEY_NSMainNibFile = "";
				INFOPLIST_KEY_UIApplicationSupportsIndirectInputEvents = YES;
				INFOPLIST_KEY_UILaunchStoryboardName = LaunchScreen;
				INFOPLIST_KEY_UISupportedInterfaceOrientations = UIInterfaceOrientationPortrait;
				INFOPLIST_KEY_UISupportedInterfaceOrientations_iPad = "UIInterfaceOrientationPortrait UIInterfaceOrientationPortraitUpsideDown UIInterfaceOrientationLandscapeLeft UIInterfaceOrientationLandscapeRight";
				INFOPLIST_KEY_UISupportedInterfaceOrientations_iPhone = "UIInterfaceOrientationPortrait UIInterfaceOrientationLandscapeLeft UIInterfaceOrientationLandscapeRight";
				IPHONEOS_DEPLOYMENT_TARGET = 13.0;
				LD_RUNPATH_SEARCH_PATHS = (
					"$(inherited)",
					"@executable_path/Frameworks",
				);
				MARKETING_VERSION = 1.0;
				PRODUCT_BUNDLE_IDENTIFIER = kek.SurfSummerSchool2022;
				PRODUCT_NAME = "$(TARGET_NAME)";
				SWIFT_EMIT_LOC_STRINGS = YES;
				SWIFT_VERSION = 5.0;
				TARGETED_DEVICE_FAMILY = 1;
			};
			name = Debug;
		};
		A85F6BD3289A9C3D00C58BD3 /* Release */ = {
			isa = XCBuildConfiguration;
			buildSettings = {
				ASSETCATALOG_COMPILER_APPICON_NAME = AppIcon;
				ASSETCATALOG_COMPILER_GLOBAL_ACCENT_COLOR_NAME = AccentColor;
				CODE_SIGN_STYLE = Automatic;
				CURRENT_PROJECT_VERSION = 1;
				DEVELOPMENT_TEAM = BR2TY2CKR7;
				GENERATE_INFOPLIST_FILE = YES;
				INFOPLIST_FILE = SurfSummerSchool2022/Application/Info.plist;
				INFOPLIST_KEY_NSMainNibFile = "";
				INFOPLIST_KEY_UIApplicationSupportsIndirectInputEvents = YES;
				INFOPLIST_KEY_UILaunchStoryboardName = LaunchScreen;
				INFOPLIST_KEY_UISupportedInterfaceOrientations = UIInterfaceOrientationPortrait;
				INFOPLIST_KEY_UISupportedInterfaceOrientations_iPad = "UIInterfaceOrientationPortrait UIInterfaceOrientationPortraitUpsideDown UIInterfaceOrientationLandscapeLeft UIInterfaceOrientationLandscapeRight";
				INFOPLIST_KEY_UISupportedInterfaceOrientations_iPhone = "UIInterfaceOrientationPortrait UIInterfaceOrientationLandscapeLeft UIInterfaceOrientationLandscapeRight";
				IPHONEOS_DEPLOYMENT_TARGET = 13.0;
				LD_RUNPATH_SEARCH_PATHS = (
					"$(inherited)",
					"@executable_path/Frameworks",
				);
				MARKETING_VERSION = 1.0;
				PRODUCT_BUNDLE_IDENTIFIER = kek.SurfSummerSchool2022;
				PRODUCT_NAME = "$(TARGET_NAME)";
				SWIFT_EMIT_LOC_STRINGS = YES;
				SWIFT_VERSION = 5.0;
				TARGETED_DEVICE_FAMILY = 1;
			};
			name = Release;
		};
/* End XCBuildConfiguration section */

/* Begin XCConfigurationList section */
		A85F6BB8289A9C3B00C58BD3 /* Build configuration list for PBXProject "SurfSummerSchool2022" */ = {
			isa = XCConfigurationList;
			buildConfigurations = (
				A85F6BCF289A9C3D00C58BD3 /* Debug */,
				A85F6BD0289A9C3D00C58BD3 /* Release */,
			);
			defaultConfigurationIsVisible = 0;
			defaultConfigurationName = Release;
		};
		A85F6BD1289A9C3D00C58BD3 /* Build configuration list for PBXNativeTarget "SurfSummerSchool2022" */ = {
			isa = XCConfigurationList;
			buildConfigurations = (
				A85F6BD2289A9C3D00C58BD3 /* Debug */,
				A85F6BD3289A9C3D00C58BD3 /* Release */,
			);
			defaultConfigurationIsVisible = 0;
			defaultConfigurationName = Release;
		};
/* End XCConfigurationList section */
	};
	rootObject = A85F6BB5289A9C3B00C58BD3 /* Project object */;
}
